
Microsoft Visual Studio Solution File, Format Version 12.00
# Visual Studio Version 17
VisualStudioVersion = 17.5.002.0
MinimumVisualStudioVersion = 10.0.40219.1
Project("{2150E333-8FDC-42A3-9474-1A3956D46DE8}") = "Back", "Back", "{DC912016-E56D-45C8-BE11-40C15E2BB6C0}"
EndProject
Project("{2150E333-8FDC-42A3-9474-1A3956D46DE8}") = "src", "src", "{8EE8D71B-313A-4812-BFC5-AA33121E3D05}"
EndProject
Project("{9A19103F-16F7-4668-BE54-9A1E7A4F7556}") = "ProEventos.API", "Back\src\ProEventos.API\ProEventos.API.csproj", "{F4A8FDEF-EBBD-4277-B1EC-2E1E12573566}"
EndProject
Global
	GlobalSection(SolutionConfigurationPlatforms) = preSolution
		Debug|Any CPU = Debug|Any CPU
		Release|Any CPU = Release|Any CPU
	EndGlobalSection
	GlobalSection(ProjectConfigurationPlatforms) = postSolution
		{F4A8FDEF-EBBD-4277-B1EC-2E1E12573566}.Debug|Any CPU.ActiveCfg = Debug|Any CPU
		{F4A8FDEF-EBBD-4277-B1EC-2E1E12573566}.Debug|Any CPU.Build.0 = Debug|Any CPU
		{F4A8FDEF-EBBD-4277-B1EC-2E1E12573566}.Release|Any CPU.ActiveCfg = Release|Any CPU
		{F4A8FDEF-EBBD-4277-B1EC-2E1E12573566}.Release|Any CPU.Build.0 = Release|Any CPU
	EndGlobalSection
	GlobalSection(SolutionProperties) = preSolution
		HideSolutionNode = FALSE
	EndGlobalSection
	GlobalSection(NestedProjects) = preSolution
		{8EE8D71B-313A-4812-BFC5-AA33121E3D05} = {DC912016-E56D-45C8-BE11-40C15E2BB6C0}
		{F4A8FDEF-EBBD-4277-B1EC-2E1E12573566} = {8EE8D71B-313A-4812-BFC5-AA33121E3D05}
	EndGlobalSection
	GlobalSection(ExtensibilityGlobals) = postSolution
		SolutionGuid = {2DDB4047-8611-489A-861A-B83616009574}
	EndGlobalSection
EndGlobal
